
Microsoft Visual Studio Solution File, Format Version 12.00
# Visual Studio Version 17
VisualStudioVersion = 17.3.32819.101
MinimumVisualStudioVersion = 10.0.40219.1
Project("{FAE04EC0-301F-11D3-BF4B-00C04F79EFBC}") = "Vista", "Vista\Vista.csproj", "{8AB3529C-9173-481C-B369-C955F5A93A97}"
EndProject
Project("{FAE04EC0-301F-11D3-BF4B-00C04F79EFBC}") = "Biblioteca", "Biblioteca\Biblioteca.csproj", "{7E281582-40FB-480B-83BF-B8DCFC421239}"
EndProject
Global
	GlobalSection(SolutionConfigurationPlatforms) = preSolution
		Debug|Any CPU = Debug|Any CPU
		Release|Any CPU = Release|Any CPU
	EndGlobalSection
	GlobalSection(ProjectConfigurationPlatforms) = postSolution
		{8AB3529C-9173-481C-B369-C955F5A93A97}.Debug|Any CPU.ActiveCfg = Debug|Any CPU
		{8AB3529C-9173-481C-B369-C955F5A93A97}.Debug|Any CPU.Build.0 = Debug|Any CPU
		{8AB3529C-9173-481C-B369-C955F5A93A97}.Release|Any CPU.ActiveCfg = Release|Any CPU
		{8AB3529C-9173-481C-B369-C955F5A93A97}.Release|Any CPU.Build.0 = Release|Any CPU
		{7E281582-40FB-480B-83BF-B8DCFC421239}.Debug|Any CPU.ActiveCfg = Debug|Any CPU
		{7E281582-40FB-480B-83BF-B8DCFC421239}.Debug|Any CPU.Build.0 = Debug|Any CPU
		{7E281582-40FB-480B-83BF-B8DCFC421239}.Release|Any CPU.ActiveCfg = Release|Any CPU
		{7E281582-40FB-480B-83BF-B8DCFC421239}.Release|Any CPU.Build.0 = Release|Any CPU
	EndGlobalSection
	GlobalSection(SolutionProperties) = preSolution
		HideSolutionNode = FALSE
	EndGlobalSection
	GlobalSection(ExtensibilityGlobals) = postSolution
		SolutionGuid = {C302A02B-2CDE-4D38-B7AB-4967BB9BE508}
	EndGlobalSection
EndGlobal
